
Microsoft Visual Studio Solution File, Format Version 12.00
# Visual Studio 15
VisualStudioVersion = 15.0.28010.2050
MinimumVisualStudioVersion = 10.0.40219.1
Project("{FAE04EC0-301F-11D3-BF4B-00C04F79EFBC}") = "ASPNet3Vjezba", "ASPNet3Vjezba\ASPNet3Vjezba.csproj", "{1AB1E62D-2B22-4003-B4BE-0DBFCE3B01BA}"
EndProject
Global
	GlobalSection(SolutionConfigurationPlatforms) = preSolution
		Debug|Any CPU = Debug|Any CPU
		Release|Any CPU = Release|Any CPU
	EndGlobalSection
	GlobalSection(ProjectConfigurationPlatforms) = postSolution
		{1AB1E62D-2B22-4003-B4BE-0DBFCE3B01BA}.Debug|Any CPU.ActiveCfg = Debug|Any CPU
		{1AB1E62D-2B22-4003-B4BE-0DBFCE3B01BA}.Debug|Any CPU.Build.0 = Debug|Any CPU
		{1AB1E62D-2B22-4003-B4BE-0DBFCE3B01BA}.Release|Any CPU.ActiveCfg = Release|Any CPU
		{1AB1E62D-2B22-4003-B4BE-0DBFCE3B01BA}.Release|Any CPU.Build.0 = Release|Any CPU
	EndGlobalSection
	GlobalSection(SolutionProperties) = preSolution
		HideSolutionNode = FALSE
	EndGlobalSection
	GlobalSection(ExtensibilityGlobals) = postSolution
		SolutionGuid = {5706AE75-A257-4D0B-A145-0AACADE2682F}
	EndGlobalSection
EndGlobal
